%{
  "pane": {:hex, :pane, "0.3.0", "7b028e2aa8f004b62a965de983d824ad20d94f3c9c82b2bb4a9cdcebeb9e7060", [:mix], [], "hexpm"},
  "scribe": {:hex, :scribe, "0.8.2", "76b34ccd053185354d701607e3c98e6ec6c33d9fa127855b74e96155a23736f5", [:mix], [{:pane, "~> 0.2", [hex: :pane, repo: "hexpm", optional: false]}], "hexpm"},
  "sweet_xml": {:hex, :sweet_xml, "0.6.5", "dd9cde443212b505d1b5f9758feb2000e66a14d3c449f04c572f3048c66e6697", [:mix], [], "hexpm"},
}
